
Microsoft Visual Studio Solution File, Format Version 12.00
# Visual Studio 15
VisualStudioVersion = 15.0.28307.572
MinimumVisualStudioVersion = 10.0.40219.1
Project("{FAE04EC0-301F-11D3-BF4B-00C04F79EFBC}") = "UniHealth", "UniHealth\UniHealth.csproj", "{32886C43-A49D-45C7-8C45-7D9237067E31}"
EndProject
Project("{FAE04EC0-301F-11D3-BF4B-00C04F79EFBC}") = "UniHealth.Application", "UniHealth.Application\UniHealth.Application.csproj", "{0AD9985F-F369-4F87-8A49-C72BA146C925}"
EndProject
Global
	GlobalSection(SolutionConfigurationPlatforms) = preSolution
		Debug|Any CPU = Debug|Any CPU
		Release|Any CPU = Release|Any CPU
	EndGlobalSection
	GlobalSection(ProjectConfigurationPlatforms) = postSolution
		{32886C43-A49D-45C7-8C45-7D9237067E31}.Debug|Any CPU.ActiveCfg = Debug|Any CPU
		{32886C43-A49D-45C7-8C45-7D9237067E31}.Debug|Any CPU.Build.0 = Debug|Any CPU
		{32886C43-A49D-45C7-8C45-7D9237067E31}.Release|Any CPU.ActiveCfg = Release|Any CPU
		{32886C43-A49D-45C7-8C45-7D9237067E31}.Release|Any CPU.Build.0 = Release|Any CPU
		{0AD9985F-F369-4F87-8A49-C72BA146C925}.Debug|Any CPU.ActiveCfg = Debug|Any CPU
		{0AD9985F-F369-4F87-8A49-C72BA146C925}.Debug|Any CPU.Build.0 = Debug|Any CPU
		{0AD9985F-F369-4F87-8A49-C72BA146C925}.Release|Any CPU.ActiveCfg = Release|Any CPU
		{0AD9985F-F369-4F87-8A49-C72BA146C925}.Release|Any CPU.Build.0 = Release|Any CPU
	EndGlobalSection
	GlobalSection(SolutionProperties) = preSolution
		HideSolutionNode = FALSE
	EndGlobalSection
	GlobalSection(ExtensibilityGlobals) = postSolution
		SolutionGuid = {20993129-D70E-4514-A256-23839C08CD38}
	EndGlobalSection
EndGlobal
